
Microsoft Visual Studio Solution File, Format Version 12.00
# Visual Studio Version 17
VisualStudioVersion = 17.1.32319.34
MinimumVisualStudioVersion = 10.0.40219.1
Project("{9A19103F-16F7-4668-BE54-9A1E7A4F7556}") = "ProvaNetCoreClient", "ProvaNetCoreClient\ProvaNetCoreClient.csproj", "{4AE74FE2-2809-4E52-9DEA-BDFE191C2ED7}"
EndProject
Project("{9A19103F-16F7-4668-BE54-9A1E7A4F7556}") = "ProvaNetCoreTesteUnitario", "ProvaNetCoreTesteUnitario\ProvaNetCoreTesteUnitario.csproj", "{F7120D0F-064A-4464-AC9D-86890A0AFA3F}"
EndProject
Project("{9A19103F-16F7-4668-BE54-9A1E7A4F7556}") = "ProvaNetCoreApi", "ProvaNetCoreApi\ProvaNetCoreApi.csproj", "{634518D5-063D-4B88-9AB0-081D086BE8C7}"
EndProject
Global
	GlobalSection(SolutionConfigurationPlatforms) = preSolution
		Debug|Any CPU = Debug|Any CPU
		Release|Any CPU = Release|Any CPU
	EndGlobalSection
	GlobalSection(ProjectConfigurationPlatforms) = postSolution
		{4AE74FE2-2809-4E52-9DEA-BDFE191C2ED7}.Debug|Any CPU.ActiveCfg = Debug|Any CPU
		{4AE74FE2-2809-4E52-9DEA-BDFE191C2ED7}.Debug|Any CPU.Build.0 = Debug|Any CPU
		{4AE74FE2-2809-4E52-9DEA-BDFE191C2ED7}.Release|Any CPU.ActiveCfg = Release|Any CPU
		{4AE74FE2-2809-4E52-9DEA-BDFE191C2ED7}.Release|Any CPU.Build.0 = Release|Any CPU
		{F7120D0F-064A-4464-AC9D-86890A0AFA3F}.Debug|Any CPU.ActiveCfg = Debug|Any CPU
		{F7120D0F-064A-4464-AC9D-86890A0AFA3F}.Debug|Any CPU.Build.0 = Debug|Any CPU
		{F7120D0F-064A-4464-AC9D-86890A0AFA3F}.Release|Any CPU.ActiveCfg = Release|Any CPU
		{F7120D0F-064A-4464-AC9D-86890A0AFA3F}.Release|Any CPU.Build.0 = Release|Any CPU
		{634518D5-063D-4B88-9AB0-081D086BE8C7}.Debug|Any CPU.ActiveCfg = Debug|Any CPU
		{634518D5-063D-4B88-9AB0-081D086BE8C7}.Debug|Any CPU.Build.0 = Debug|Any CPU
		{634518D5-063D-4B88-9AB0-081D086BE8C7}.Release|Any CPU.ActiveCfg = Release|Any CPU
		{634518D5-063D-4B88-9AB0-081D086BE8C7}.Release|Any CPU.Build.0 = Release|Any CPU
	EndGlobalSection
	GlobalSection(SolutionProperties) = preSolution
		HideSolutionNode = FALSE
	EndGlobalSection
	GlobalSection(ExtensibilityGlobals) = postSolution
		SolutionGuid = {E75F7452-351F-418C-92D4-52F12382B6E5}
	EndGlobalSection
EndGlobal
